// !$*UTF8*$!
{
	archiveVersion = 1;
	classes = {
	};
	objectVersion = 56;
	objects = {

/* Begin PBXBuildFile section */
		A2BBEB6C2A2009A600904B92 /* MainView.swift in Sources */ = {isa = PBXBuildFile; fileRef = A2BBEB6B2A2009A600904B92 /* MainView.swift */; };
		A2BBEB6E2A2009E800904B92 /* AppViewModel.swift in Sources */ = {isa = PBXBuildFile; fileRef = A2BBEB6D2A2009E800904B92 /* AppViewModel.swift */; };
		A2BBEB712A200A7200904B92 /* RefrigeratorView.swift in Sources */ = {isa = PBXBuildFile; fileRef = A2BBEB702A200A7200904B92 /* RefrigeratorView.swift */; };
		A2BBEB732A200A9900904B92 /* RefrigeratorViewModel.swift in Sources */ = {isa = PBXBuildFile; fileRef = A2BBEB722A200A9900904B92 /* RefrigeratorViewModel.swift */; };
		A2BBEB762A200AC800904B92 /* RecipesView.swift in Sources */ = {isa = PBXBuildFile; fileRef = A2BBEB752A200AC800904B92 /* RecipesView.swift */; };
		A2BBEB782A200AD400904B92 /* RecipesViewModel.swift in Sources */ = {isa = PBXBuildFile; fileRef = A2BBEB772A200AD400904B92 /* RecipesViewModel.swift */; };
		A2BBEB7B2A200C4700904B92 /* ProfileView.swift in Sources */ = {isa = PBXBuildFile; fileRef = A2BBEB7A2A200C4700904B92 /* ProfileView.swift */; };
		A2BBEB7D2A200C5100904B92 /* ProfileViewModel.swift in Sources */ = {isa = PBXBuildFile; fileRef = A2BBEB7C2A200C5100904B92 /* ProfileViewModel.swift */; };
		A2BBEB802A200CD700904B92 /* FridgeItemCell.swift in Sources */ = {isa = PBXBuildFile; fileRef = A2BBEB7F2A200CD700904B92 /* FridgeItemCell.swift */; };
		A2BBEB832A20104800904B92 /* FridgeItem.swift in Sources */ = {isa = PBXBuildFile; fileRef = A2BBEB822A20104800904B92 /* FridgeItem.swift */; };
		A2BBEB862A2013E300904B92 /* Date+Extensions.swift in Sources */ = {isa = PBXBuildFile; fileRef = A2BBEB852A2013E300904B92 /* Date+Extensions.swift */; };
		A2BBEB882A202FE800904B92 /* RecipeIngredient.swift in Sources */ = {isa = PBXBuildFile; fileRef = A2BBEB872A202FE800904B92 /* RecipeIngredient.swift */; };
		A2BBEB8A2A20300D00904B92 /* Ingredient.swift in Sources */ = {isa = PBXBuildFile; fileRef = A2BBEB892A20300D00904B92 /* Ingredient.swift */; };
		A2BBEB8C2A20305800904B92 /* ConsumableItem.swift in Sources */ = {isa = PBXBuildFile; fileRef = A2BBEB8B2A20305800904B92 /* ConsumableItem.swift */; };
		A2BBEB8E2A20310F00904B92 /* Recipe.swift in Sources */ = {isa = PBXBuildFile; fileRef = A2BBEB8D2A20310F00904B92 /* Recipe.swift */; };
		A2BBEB912A203A0600904B92 /* AddItemView.swift in Sources */ = {isa = PBXBuildFile; fileRef = A2BBEB902A203A0600904B92 /* AddItemView.swift */; };
		A2BBEB932A209D9C00904B92 /* AppDelegate.swift in Sources */ = {isa = PBXBuildFile; fileRef = A2BBEB922A209D9C00904B92 /* AppDelegate.swift */; };
		A2BBEB952A20A91600904B92 /* APIHandler.swift in Sources */ = {isa = PBXBuildFile; fileRef = A2BBEB942A20A91600904B92 /* APIHandler.swift */; };
		A2EDE1A42A1FFD0B000AB182 /* mealmate_iosApp.swift in Sources */ = {isa = PBXBuildFile; fileRef = A2EDE1A32A1FFD0B000AB182 /* mealmate_iosApp.swift */; };
		A2EDE1A82A1FFD0B000AB182 /* Assets.xcassets in Resources */ = {isa = PBXBuildFile; fileRef = A2EDE1A72A1FFD0B000AB182 /* Assets.xcassets */; };
		A2EDE1AB2A1FFD0B000AB182 /* Preview Assets.xcassets in Resources */ = {isa = PBXBuildFile; fileRef = A2EDE1AA2A1FFD0B000AB182 /* Preview Assets.xcassets */; };
		A2EDE1B52A1FFD0B000AB182 /* mealmate_iosTests.swift in Sources */ = {isa = PBXBuildFile; fileRef = A2EDE1B42A1FFD0B000AB182 /* mealmate_iosTests.swift */; };
		A2EDE1BF2A1FFD0B000AB182 /* mealmate_iosUITests.swift in Sources */ = {isa = PBXBuildFile; fileRef = A2EDE1BE2A1FFD0B000AB182 /* mealmate_iosUITests.swift */; };
		A2EDE1C12A1FFD0B000AB182 /* mealmate_iosUITestsLaunchTests.swift in Sources */ = {isa = PBXBuildFile; fileRef = A2EDE1C02A1FFD0B000AB182 /* mealmate_iosUITestsLaunchTests.swift */; };
		A2EDE1CF2A1FFE2E000AB182 /* ParseSwift in Frameworks */ = {isa = PBXBuildFile; productRef = A2EDE1CE2A1FFE2E000AB182 /* ParseSwift */; };
/* End PBXBuildFile section */

/* Begin PBXContainerItemProxy section */
		A2EDE1B12A1FFD0B000AB182 /* PBXContainerItemProxy */ = {
			isa = PBXContainerItemProxy;
			containerPortal = A2EDE1982A1FFD0B000AB182 /* Project object */;
			proxyType = 1;
			remoteGlobalIDString = A2EDE19F2A1FFD0B000AB182;
			remoteInfo = "mealmate-ios";
		};
		A2EDE1BB2A1FFD0B000AB182 /* PBXContainerItemProxy */ = {
			isa = PBXContainerItemProxy;
			containerPortal = A2EDE1982A1FFD0B000AB182 /* Project object */;
			proxyType = 1;
			remoteGlobalIDString = A2EDE19F2A1FFD0B000AB182;
			remoteInfo = "mealmate-ios";
		};
/* End PBXContainerItemProxy section */

/* Begin PBXFileReference section */
		A2BBEB6B2A2009A600904B92 /* MainView.swift */ = {isa = PBXFileReference; lastKnownFileType = sourcecode.swift; path = MainView.swift; sourceTree = "<group>"; };
		A2BBEB6D2A2009E800904B92 /* AppViewModel.swift */ = {isa = PBXFileReference; lastKnownFileType = sourcecode.swift; path = AppViewModel.swift; sourceTree = "<group>"; };
		A2BBEB702A200A7200904B92 /* RefrigeratorView.swift */ = {isa = PBXFileReference; lastKnownFileType = sourcecode.swift; path = RefrigeratorView.swift; sourceTree = "<group>"; };
		A2BBEB722A200A9900904B92 /* RefrigeratorViewModel.swift */ = {isa = PBXFileReference; lastKnownFileType = sourcecode.swift; path = RefrigeratorViewModel.swift; sourceTree = "<group>"; };
		A2BBEB752A200AC800904B92 /* RecipesView.swift */ = {isa = PBXFileReference; lastKnownFileType = sourcecode.swift; path = RecipesView.swift; sourceTree = "<group>"; };
		A2BBEB772A200AD400904B92 /* RecipesViewModel.swift */ = {isa = PBXFileReference; lastKnownFileType = sourcecode.swift; path = RecipesViewModel.swift; sourceTree = "<group>"; };
		A2BBEB7A2A200C4700904B92 /* ProfileView.swift */ = {isa = PBXFileReference; lastKnownFileType = sourcecode.swift; path = ProfileView.swift; sourceTree = "<group>"; };
		A2BBEB7C2A200C5100904B92 /* ProfileViewModel.swift */ = {isa = PBXFileReference; lastKnownFileType = sourcecode.swift; path = ProfileViewModel.swift; sourceTree = "<group>"; };
		A2BBEB7F2A200CD700904B92 /* FridgeItemCell.swift */ = {isa = PBXFileReference; lastKnownFileType = sourcecode.swift; path = FridgeItemCell.swift; sourceTree = "<group>"; };
		A2BBEB822A20104800904B92 /* FridgeItem.swift */ = {isa = PBXFileReference; lastKnownFileType = sourcecode.swift; path = FridgeItem.swift; sourceTree = "<group>"; };
		A2BBEB852A2013E300904B92 /* Date+Extensions.swift */ = {isa = PBXFileReference; lastKnownFileType = sourcecode.swift; path = "Date+Extensions.swift"; sourceTree = "<group>"; };
		A2BBEB872A202FE800904B92 /* RecipeIngredient.swift */ = {isa = PBXFileReference; lastKnownFileType = sourcecode.swift; path = RecipeIngredient.swift; sourceTree = "<group>"; };
		A2BBEB892A20300D00904B92 /* Ingredient.swift */ = {isa = PBXFileReference; lastKnownFileType = sourcecode.swift; path = Ingredient.swift; sourceTree = "<group>"; };
		A2BBEB8B2A20305800904B92 /* ConsumableItem.swift */ = {isa = PBXFileReference; lastKnownFileType = sourcecode.swift; path = ConsumableItem.swift; sourceTree = "<group>"; };
		A2BBEB8D2A20310F00904B92 /* Recipe.swift */ = {isa = PBXFileReference; lastKnownFileType = sourcecode.swift; path = Recipe.swift; sourceTree = "<group>"; };
		A2BBEB902A203A0600904B92 /* AddItemView.swift */ = {isa = PBXFileReference; lastKnownFileType = sourcecode.swift; path = AddItemView.swift; sourceTree = "<group>"; };
		A2BBEB922A209D9C00904B92 /* AppDelegate.swift */ = {isa = PBXFileReference; lastKnownFileType = sourcecode.swift; path = AppDelegate.swift; sourceTree = "<group>"; };
		A2BBEB942A20A91600904B92 /* APIHandler.swift */ = {isa = PBXFileReference; lastKnownFileType = sourcecode.swift; path = APIHandler.swift; sourceTree = "<group>"; };
		A2EDE1A02A1FFD0B000AB182 /* mealmate-ios.app */ = {isa = PBXFileReference; explicitFileType = wrapper.application; includeInIndex = 0; path = "mealmate-ios.app"; sourceTree = BUILT_PRODUCTS_DIR; };
		A2EDE1A32A1FFD0B000AB182 /* mealmate_iosApp.swift */ = {isa = PBXFileReference; lastKnownFileType = sourcecode.swift; path = mealmate_iosApp.swift; sourceTree = "<group>"; };
		A2EDE1A72A1FFD0B000AB182 /* Assets.xcassets */ = {isa = PBXFileReference; lastKnownFileType = folder.assetcatalog; path = Assets.xcassets; sourceTree = "<group>"; };
		A2EDE1AA2A1FFD0B000AB182 /* Preview Assets.xcassets */ = {isa = PBXFileReference; lastKnownFileType = folder.assetcatalog; path = "Preview Assets.xcassets"; sourceTree = "<group>"; };
		A2EDE1B02A1FFD0B000AB182 /* mealmate-iosTests.xctest */ = {isa = PBXFileReference; explicitFileType = wrapper.cfbundle; includeInIndex = 0; path = "mealmate-iosTests.xctest"; sourceTree = BUILT_PRODUCTS_DIR; };
		A2EDE1B42A1FFD0B000AB182 /* mealmate_iosTests.swift */ = {isa = PBXFileReference; lastKnownFileType = sourcecode.swift; path = mealmate_iosTests.swift; sourceTree = "<group>"; };
		A2EDE1BA2A1FFD0B000AB182 /* mealmate-iosUITests.xctest */ = {isa = PBXFileReference; explicitFileType = wrapper.cfbundle; includeInIndex = 0; path = "mealmate-iosUITests.xctest"; sourceTree = BUILT_PRODUCTS_DIR; };
		A2EDE1BE2A1FFD0B000AB182 /* mealmate_iosUITests.swift */ = {isa = PBXFileReference; lastKnownFileType = sourcecode.swift; path = mealmate_iosUITests.swift; sourceTree = "<group>"; };
		A2EDE1C02A1FFD0B000AB182 /* mealmate_iosUITestsLaunchTests.swift */ = {isa = PBXFileReference; lastKnownFileType = sourcecode.swift; path = mealmate_iosUITestsLaunchTests.swift; sourceTree = "<group>"; };
/* End PBXFileReference section */

/* Begin PBXFrameworksBuildPhase section */
		A2EDE19D2A1FFD0B000AB182 /* Frameworks */ = {
			isa = PBXFrameworksBuildPhase;
			buildActionMask = 2147483647;
			files = (
				A2EDE1CF2A1FFE2E000AB182 /* ParseSwift in Frameworks */,
			);
			runOnlyForDeploymentPostprocessing = 0;
		};
		A2EDE1AD2A1FFD0B000AB182 /* Frameworks */ = {
			isa = PBXFrameworksBuildPhase;
			buildActionMask = 2147483647;
			files = (
			);
			runOnlyForDeploymentPostprocessing = 0;
		};
		A2EDE1B72A1FFD0B000AB182 /* Frameworks */ = {
			isa = PBXFrameworksBuildPhase;
			buildActionMask = 2147483647;
			files = (
			);
			runOnlyForDeploymentPostprocessing = 0;
		};
/* End PBXFrameworksBuildPhase section */

/* Begin PBXGroup section */
		A2BBEB6F2A200A4200904B92 /* RefrigeratorOverview */ = {
			isa = PBXGroup;
			children = (
				A2BBEB702A200A7200904B92 /* RefrigeratorView.swift */,
				A2BBEB722A200A9900904B92 /* RefrigeratorViewModel.swift */,
			);
			path = RefrigeratorOverview;
			sourceTree = "<group>";
		};
		A2BBEB742A200AB300904B92 /* RecipesOverview */ = {
			isa = PBXGroup;
			children = (
				A2BBEB752A200AC800904B92 /* RecipesView.swift */,
				A2BBEB772A200AD400904B92 /* RecipesViewModel.swift */,
			);
			path = RecipesOverview;
			sourceTree = "<group>";
		};
		A2BBEB792A200C2D00904B92 /* ProfileView */ = {
			isa = PBXGroup;
			children = (
				A2BBEB7A2A200C4700904B92 /* ProfileView.swift */,
				A2BBEB7C2A200C5100904B92 /* ProfileViewModel.swift */,
			);
			path = ProfileView;
			sourceTree = "<group>";
		};
		A2BBEB7E2A200CB100904B92 /* ViewComponents */ = {
			isa = PBXGroup;
			children = (
				A2BBEB7F2A200CD700904B92 /* FridgeItemCell.swift */,
			);
			path = ViewComponents;
			sourceTree = "<group>";
		};
		A2BBEB812A20102900904B92 /* Models */ = {
			isa = PBXGroup;
			children = (
				A2BBEB8B2A20305800904B92 /* ConsumableItem.swift */,
				A2BBEB822A20104800904B92 /* FridgeItem.swift */,
				A2BBEB872A202FE800904B92 /* RecipeIngredient.swift */,
				A2BBEB892A20300D00904B92 /* Ingredient.swift */,
				A2BBEB8D2A20310F00904B92 /* Recipe.swift */,
			);
			path = Models;
			sourceTree = "<group>";
		};
		A2BBEB842A2013CF00904B92 /* Extensions */ = {
			isa = PBXGroup;
			children = (
				A2BBEB852A2013E300904B92 /* Date+Extensions.swift */,
			);
			path = Extensions;
			sourceTree = "<group>";
		};
		A2BBEB8F2A2039E800904B92 /* AddItemView */ = {
			isa = PBXGroup;
			children = (
				A2BBEB902A203A0600904B92 /* AddItemView.swift */,
			);
			path = AddItemView;
			sourceTree = "<group>";
		};
		A2EDE1972A1FFD0B000AB182 = {
			isa = PBXGroup;
			children = (
				A2EDE1A22A1FFD0B000AB182 /* mealmate-ios */,
				A2EDE1B32A1FFD0B000AB182 /* mealmate-iosTests */,
				A2EDE1BD2A1FFD0B000AB182 /* mealmate-iosUITests */,
				A2EDE1A12A1FFD0B000AB182 /* Products */,
			);
			sourceTree = "<group>";
		};
		A2EDE1A12A1FFD0B000AB182 /* Products */ = {
			isa = PBXGroup;
			children = (
				A2EDE1A02A1FFD0B000AB182 /* mealmate-ios.app */,
				A2EDE1B02A1FFD0B000AB182 /* mealmate-iosTests.xctest */,
				A2EDE1BA2A1FFD0B000AB182 /* mealmate-iosUITests.xctest */,
			);
			name = Products;
			sourceTree = "<group>";
		};
		A2EDE1A22A1FFD0B000AB182 /* mealmate-ios */ = {
			isa = PBXGroup;
			children = (
				A2BBEB8F2A2039E800904B92 /* AddItemView */,
				A2BBEB842A2013CF00904B92 /* Extensions */,
				A2BBEB812A20102900904B92 /* Models */,
				A2BBEB7E2A200CB100904B92 /* ViewComponents */,
				A2BBEB792A200C2D00904B92 /* ProfileView */,
				A2BBEB742A200AB300904B92 /* RecipesOverview */,
				A2BBEB6F2A200A4200904B92 /* RefrigeratorOverview */,
				A2EDE1A32A1FFD0B000AB182 /* mealmate_iosApp.swift */,
				A2BBEB6B2A2009A600904B92 /* MainView.swift */,
				A2EDE1A72A1FFD0B000AB182 /* Assets.xcassets */,
				A2EDE1A92A1FFD0B000AB182 /* Preview Content */,
				A2BBEB6D2A2009E800904B92 /* AppViewModel.swift */,
				A2BBEB922A209D9C00904B92 /* AppDelegate.swift */,
				A2BBEB942A20A91600904B92 /* APIHandler.swift */,
			);
			path = "mealmate-ios";
			sourceTree = "<group>";
		};
		A2EDE1A92A1FFD0B000AB182 /* Preview Content */ = {
			isa = PBXGroup;
			children = (
				A2EDE1AA2A1FFD0B000AB182 /* Preview Assets.xcassets */,
			);
			path = "Preview Content";
			sourceTree = "<group>";
		};
		A2EDE1B32A1FFD0B000AB182 /* mealmate-iosTests */ = {
			isa = PBXGroup;
			children = (
				A2EDE1B42A1FFD0B000AB182 /* mealmate_iosTests.swift */,
			);
			path = "mealmate-iosTests";
			sourceTree = "<group>";
		};
		A2EDE1BD2A1FFD0B000AB182 /* mealmate-iosUITests */ = {
			isa = PBXGroup;
			children = (
				A2EDE1BE2A1FFD0B000AB182 /* mealmate_iosUITests.swift */,
				A2EDE1C02A1FFD0B000AB182 /* mealmate_iosUITestsLaunchTests.swift */,
			);
			path = "mealmate-iosUITests";
			sourceTree = "<group>";
		};
/* End PBXGroup section */

/* Begin PBXNativeTarget section */
		A2EDE19F2A1FFD0B000AB182 /* mealmate-ios */ = {
			isa = PBXNativeTarget;
			buildConfigurationList = A2EDE1C42A1FFD0B000AB182 /* Build configuration list for PBXNativeTarget "mealmate-ios" */;
			buildPhases = (
				A2EDE19C2A1FFD0B000AB182 /* Sources */,
				A2EDE19D2A1FFD0B000AB182 /* Frameworks */,
				A2EDE19E2A1FFD0B000AB182 /* Resources */,
			);
			buildRules = (
			);
			dependencies = (
			);
			name = "mealmate-ios";
			packageProductDependencies = (
				A2EDE1CE2A1FFE2E000AB182 /* ParseSwift */,
			);
			productName = "mealmate-ios";
			productReference = A2EDE1A02A1FFD0B000AB182 /* mealmate-ios.app */;
			productType = "com.apple.product-type.application";
		};
		A2EDE1AF2A1FFD0B000AB182 /* mealmate-iosTests */ = {
			isa = PBXNativeTarget;
			buildConfigurationList = A2EDE1C72A1FFD0B000AB182 /* Build configuration list for PBXNativeTarget "mealmate-iosTests" */;
			buildPhases = (
				A2EDE1AC2A1FFD0B000AB182 /* Sources */,
				A2EDE1AD2A1FFD0B000AB182 /* Frameworks */,
				A2EDE1AE2A1FFD0B000AB182 /* Resources */,
			);
			buildRules = (
			);
			dependencies = (
				A2EDE1B22A1FFD0B000AB182 /* PBXTargetDependency */,
			);
			name = "mealmate-iosTests";
			productName = "mealmate-iosTests";
			productReference = A2EDE1B02A1FFD0B000AB182 /* mealmate-iosTests.xctest */;
			productType = "com.apple.product-type.bundle.unit-test";
		};
		A2EDE1B92A1FFD0B000AB182 /* mealmate-iosUITests */ = {
			isa = PBXNativeTarget;
			buildConfigurationList = A2EDE1CA2A1FFD0B000AB182 /* Build configuration list for PBXNativeTarget "mealmate-iosUITests" */;
			buildPhases = (
				A2EDE1B62A1FFD0B000AB182 /* Sources */,
				A2EDE1B72A1FFD0B000AB182 /* Frameworks */,
				A2EDE1B82A1FFD0B000AB182 /* Resources */,
			);
			buildRules = (
			);
			dependencies = (
				A2EDE1BC2A1FFD0B000AB182 /* PBXTargetDependency */,
			);
			name = "mealmate-iosUITests";
			productName = "mealmate-iosUITests";
			productReference = A2EDE1BA2A1FFD0B000AB182 /* mealmate-iosUITests.xctest */;
			productType = "com.apple.product-type.bundle.ui-testing";
		};
/* End PBXNativeTarget section */

/* Begin PBXProject section */
		A2EDE1982A1FFD0B000AB182 /* Project object */ = {
			isa = PBXProject;
			attributes = {
				BuildIndependentTargetsInParallel = 1;
				LastSwiftUpdateCheck = 1430;
				LastUpgradeCheck = 1430;
				TargetAttributes = {
					A2EDE19F2A1FFD0B000AB182 = {
						CreatedOnToolsVersion = 14.3;
					};
					A2EDE1AF2A1FFD0B000AB182 = {
						CreatedOnToolsVersion = 14.3;
						TestTargetID = A2EDE19F2A1FFD0B000AB182;
					};
					A2EDE1B92A1FFD0B000AB182 = {
						CreatedOnToolsVersion = 14.3;
						TestTargetID = A2EDE19F2A1FFD0B000AB182;
					};
				};
			};
			buildConfigurationList = A2EDE19B2A1FFD0B000AB182 /* Build configuration list for PBXProject "mealmate-ios" */;
			compatibilityVersion = "Xcode 14.0";
			developmentRegion = en;
			hasScannedForEncodings = 0;
			knownRegions = (
				en,
				Base,
			);
			mainGroup = A2EDE1972A1FFD0B000AB182;
			packageReferences = (
				A2EDE1CD2A1FFE2E000AB182 /* XCRemoteSwiftPackageReference "Parse-Swift" */,
			);
			productRefGroup = A2EDE1A12A1FFD0B000AB182 /* Products */;
			projectDirPath = "";
			projectRoot = "";
			targets = (
				A2EDE19F2A1FFD0B000AB182 /* mealmate-ios */,
				A2EDE1AF2A1FFD0B000AB182 /* mealmate-iosTests */,
				A2EDE1B92A1FFD0B000AB182 /* mealmate-iosUITests */,
			);
		};
/* End PBXProject section */

/* Begin PBXResourcesBuildPhase section */
		A2EDE19E2A1FFD0B000AB182 /* Resources */ = {
			isa = PBXResourcesBuildPhase;
			buildActionMask = 2147483647;
			files = (
				A2EDE1AB2A1FFD0B000AB182 /* Preview Assets.xcassets in Resources */,
				A2EDE1A82A1FFD0B000AB182 /* Assets.xcassets in Resources */,
			);
			runOnlyForDeploymentPostprocessing = 0;
		};
		A2EDE1AE2A1FFD0B000AB182 /* Resources */ = {
			isa = PBXResourcesBuildPhase;
			buildActionMask = 2147483647;
			files = (
			);
			runOnlyForDeploymentPostprocessing = 0;
		};
		A2EDE1B82A1FFD0B000AB182 /* Resources */ = {
			isa = PBXResourcesBuildPhase;
			buildActionMask = 2147483647;
			files = (
			);
			runOnlyForDeploymentPostprocessing = 0;
		};
/* End PBXResourcesBuildPhase section */

/* Begin PBXSourcesBuildPhase section */
		A2EDE19C2A1FFD0B000AB182 /* Sources */ = {
			isa = PBXSourcesBuildPhase;
			buildActionMask = 2147483647;
			files = (
				A2BBEB912A203A0600904B92 /* AddItemView.swift in Sources */,
				A2BBEB8C2A20305800904B92 /* ConsumableItem.swift in Sources */,
				A2BBEB782A200AD400904B92 /* RecipesViewModel.swift in Sources */,
				A2BBEB7B2A200C4700904B92 /* ProfileView.swift in Sources */,
				A2BBEB952A20A91600904B92 /* APIHandler.swift in Sources */,
				A2BBEB8A2A20300D00904B92 /* Ingredient.swift in Sources */,
				A2BBEB6C2A2009A600904B92 /* MainView.swift in Sources */,
				A2BBEB7D2A200C5100904B92 /* ProfileViewModel.swift in Sources */,
				A2BBEB802A200CD700904B92 /* FridgeItemCell.swift in Sources */,
				A2BBEB862A2013E300904B92 /* Date+Extensions.swift in Sources */,
				A2BBEB6E2A2009E800904B92 /* AppViewModel.swift in Sources */,
				A2EDE1A42A1FFD0B000AB182 /* mealmate_iosApp.swift in Sources */,
				A2BBEB882A202FE800904B92 /* RecipeIngredient.swift in Sources */,
				A2BBEB932A209D9C00904B92 /* AppDelegate.swift in Sources */,
				A2BBEB832A20104800904B92 /* FridgeItem.swift in Sources */,
				A2BBEB732A200A9900904B92 /* RefrigeratorViewModel.swift in Sources */,
				A2BBEB712A200A7200904B92 /* RefrigeratorView.swift in Sources */,
				A2BBEB762A200AC800904B92 /* RecipesView.swift in Sources */,
				A2BBEB8E2A20310F00904B92 /* Recipe.swift in Sources */,
			);
			runOnlyForDeploymentPostprocessing = 0;
		};
		A2EDE1AC2A1FFD0B000AB182 /* Sources */ = {
			isa = PBXSourcesBuildPhase;
			buildActionMask = 2147483647;
			files = (
				A2EDE1B52A1FFD0B000AB182 /* mealmate_iosTests.swift in Sources */,
			);
			runOnlyForDeploymentPostprocessing = 0;
		};
		A2EDE1B62A1FFD0B000AB182 /* Sources */ = {
			isa = PBXSourcesBuildPhase;
			buildActionMask = 2147483647;
			files = (
				A2EDE1C12A1FFD0B000AB182 /* mealmate_iosUITestsLaunchTests.swift in Sources */,
				A2EDE1BF2A1FFD0B000AB182 /* mealmate_iosUITests.swift in Sources */,
			);
			runOnlyForDeploymentPostprocessing = 0;
		};
/* End PBXSourcesBuildPhase section */

/* Begin PBXTargetDependency section */
		A2EDE1B22A1FFD0B000AB182 /* PBXTargetDependency */ = {
			isa = PBXTargetDependency;
			target = A2EDE19F2A1FFD0B000AB182 /* mealmate-ios */;
			targetProxy = A2EDE1B12A1FFD0B000AB182 /* PBXContainerItemProxy */;
		};
		A2EDE1BC2A1FFD0B000AB182 /* PBXTargetDependency */ = {
			isa = PBXTargetDependency;
			target = A2EDE19F2A1FFD0B000AB182 /* mealmate-ios */;
			targetProxy = A2EDE1BB2A1FFD0B000AB182 /* PBXContainerItemProxy */;
		};
/* End PBXTargetDependency section */

/* Begin XCBuildConfiguration section */
		A2EDE1C22A1FFD0B000AB182 /* Debug */ = {
			isa = XCBuildConfiguration;
			buildSettings = {
				ALWAYS_SEARCH_USER_PATHS = NO;
				CLANG_ANALYZER_NONNULL = YES;
				CLANG_ANALYZER_NUMBER_OBJECT_CONVERSION = YES_AGGRESSIVE;
				CLANG_CXX_LANGUAGE_STANDARD = "gnu++20";
				CLANG_ENABLE_MODULES = YES;
				CLANG_ENABLE_OBJC_ARC = YES;
				CLANG_ENABLE_OBJC_WEAK = YES;
				CLANG_WARN_BLOCK_CAPTURE_AUTORELEASING = YES;
				CLANG_WARN_BOOL_CONVERSION = YES;
				CLANG_WARN_COMMA = YES;
				CLANG_WARN_CONSTANT_CONVERSION = YES;
				CLANG_WARN_DEPRECATED_OBJC_IMPLEMENTATIONS = YES;
				CLANG_WARN_DIRECT_OBJC_ISA_USAGE = YES_ERROR;
				CLANG_WARN_DOCUMENTATION_COMMENTS = YES;
				CLANG_WARN_EMPTY_BODY = YES;
				CLANG_WARN_ENUM_CONVERSION = YES;
				CLANG_WARN_INFINITE_RECURSION = YES;
				CLANG_WARN_INT_CONVERSION = YES;
				CLANG_WARN_NON_LITERAL_NULL_CONVERSION = YES;
				CLANG_WARN_OBJC_IMPLICIT_RETAIN_SELF = YES;
				CLANG_WARN_OBJC_LITERAL_CONVERSION = YES;
				CLANG_WARN_OBJC_ROOT_CLASS = YES_ERROR;
				CLANG_WARN_QUOTED_INCLUDE_IN_FRAMEWORK_HEADER = YES;
				CLANG_WARN_RANGE_LOOP_ANALYSIS = YES;
				CLANG_WARN_STRICT_PROTOTYPES = YES;
				CLANG_WARN_SUSPICIOUS_MOVE = YES;
				CLANG_WARN_UNGUARDED_AVAILABILITY = YES_AGGRESSIVE;
				CLANG_WARN_UNREACHABLE_CODE = YES;
				CLANG_WARN__DUPLICATE_METHOD_MATCH = YES;
				COPY_PHASE_STRIP = NO;
				DEBUG_INFORMATION_FORMAT = dwarf;
				ENABLE_STRICT_OBJC_MSGSEND = YES;
				ENABLE_TESTABILITY = YES;
				GCC_C_LANGUAGE_STANDARD = gnu11;
				GCC_DYNAMIC_NO_PIC = NO;
				GCC_NO_COMMON_BLOCKS = YES;
				GCC_OPTIMIZATION_LEVEL = 0;
				GCC_PREPROCESSOR_DEFINITIONS = (
					"DEBUG=1",
					"$(inherited)",
				);
				GCC_WARN_64_TO_32_BIT_CONVERSION = YES;
				GCC_WARN_ABOUT_RETURN_TYPE = YES_ERROR;
				GCC_WARN_UNDECLARED_SELECTOR = YES;
				GCC_WARN_UNINITIALIZED_AUTOS = YES_AGGRESSIVE;
				GCC_WARN_UNUSED_FUNCTION = YES;
				GCC_WARN_UNUSED_VARIABLE = YES;
				IPHONEOS_DEPLOYMENT_TARGET = 16.4;
				MTL_ENABLE_DEBUG_INFO = INCLUDE_SOURCE;
				MTL_FAST_MATH = YES;
				ONLY_ACTIVE_ARCH = YES;
				SDKROOT = iphoneos;
				SWIFT_ACTIVE_COMPILATION_CONDITIONS = DEBUG;
				SWIFT_OPTIMIZATION_LEVEL = "-Onone";
			};
			name = Debug;
		};
		A2EDE1C32A1FFD0B000AB182 /* Release */ = {
			isa = XCBuildConfiguration;
			buildSettings = {
				ALWAYS_SEARCH_USER_PATHS = NO;
				CLANG_ANALYZER_NONNULL = YES;
				CLANG_ANALYZER_NUMBER_OBJECT_CONVERSION = YES_AGGRESSIVE;
				CLANG_CXX_LANGUAGE_STANDARD = "gnu++20";
				CLANG_ENABLE_MODULES = YES;
				CLANG_ENABLE_OBJC_ARC = YES;
				CLANG_ENABLE_OBJC_WEAK = YES;
				CLANG_WARN_BLOCK_CAPTURE_AUTORELEASING = YES;
				CLANG_WARN_BOOL_CONVERSION = YES;
				CLANG_WARN_COMMA = YES;
				CLANG_WARN_CONSTANT_CONVERSION = YES;
				CLANG_WARN_DEPRECATED_OBJC_IMPLEMENTATIONS = YES;
				CLANG_WARN_DIRECT_OBJC_ISA_USAGE = YES_ERROR;
				CLANG_WARN_DOCUMENTATION_COMMENTS = YES;
				CLANG_WARN_EMPTY_BODY = YES;
				CLANG_WARN_ENUM_CONVERSION = YES;
				CLANG_WARN_INFINITE_RECURSION = YES;
				CLANG_WARN_INT_CONVERSION = YES;
				CLANG_WARN_NON_LITERAL_NULL_CONVERSION = YES;
				CLANG_WARN_OBJC_IMPLICIT_RETAIN_SELF = YES;
				CLANG_WARN_OBJC_LITERAL_CONVERSION = YES;
				CLANG_WARN_OBJC_ROOT_CLASS = YES_ERROR;
				CLANG_WARN_QUOTED_INCLUDE_IN_FRAMEWORK_HEADER = YES;
				CLANG_WARN_RANGE_LOOP_ANALYSIS = YES;
				CLANG_WARN_STRICT_PROTOTYPES = YES;
				CLANG_WARN_SUSPICIOUS_MOVE = YES;
				CLANG_WARN_UNGUARDED_AVAILABILITY = YES_AGGRESSIVE;
				CLANG_WARN_UNREACHABLE_CODE = YES;
				CLANG_WARN__DUPLICATE_METHOD_MATCH = YES;
				COPY_PHASE_STRIP = NO;
				DEBUG_INFORMATION_FORMAT = "dwarf-with-dsym";
				ENABLE_NS_ASSERTIONS = NO;
				ENABLE_STRICT_OBJC_MSGSEND = YES;
				GCC_C_LANGUAGE_STANDARD = gnu11;
				GCC_NO_COMMON_BLOCKS = YES;
				GCC_WARN_64_TO_32_BIT_CONVERSION = YES;
				GCC_WARN_ABOUT_RETURN_TYPE = YES_ERROR;
				GCC_WARN_UNDECLARED_SELECTOR = YES;
				GCC_WARN_UNINITIALIZED_AUTOS = YES_AGGRESSIVE;
				GCC_WARN_UNUSED_FUNCTION = YES;
				GCC_WARN_UNUSED_VARIABLE = YES;
				IPHONEOS_DEPLOYMENT_TARGET = 16.4;
				MTL_ENABLE_DEBUG_INFO = NO;
				MTL_FAST_MATH = YES;
				SDKROOT = iphoneos;
				SWIFT_COMPILATION_MODE = wholemodule;
				SWIFT_OPTIMIZATION_LEVEL = "-O";
				VALIDATE_PRODUCT = YES;
			};
			name = Release;
		};
		A2EDE1C52A1FFD0B000AB182 /* Debug */ = {
			isa = XCBuildConfiguration;
			buildSettings = {
				ASSETCATALOG_COMPILER_APPICON_NAME = AppIcon;
				ASSETCATALOG_COMPILER_GLOBAL_ACCENT_COLOR_NAME = AccentColor;
				CODE_SIGN_STYLE = Automatic;
				CURRENT_PROJECT_VERSION = 1;
				DEVELOPMENT_ASSET_PATHS = "\"mealmate-ios/Preview Content\"";
				ENABLE_PREVIEWS = YES;
				GENERATE_INFOPLIST_FILE = YES;
				INFOPLIST_KEY_UIApplicationSceneManifest_Generation = YES;
				INFOPLIST_KEY_UIApplicationSupportsIndirectInputEvents = YES;
				INFOPLIST_KEY_UILaunchScreen_Generation = YES;
				INFOPLIST_KEY_UISupportedInterfaceOrientations_iPad = "UIInterfaceOrientationPortrait UIInterfaceOrientationPortraitUpsideDown UIInterfaceOrientationLandscapeLeft UIInterfaceOrientationLandscapeRight";
				INFOPLIST_KEY_UISupportedInterfaceOrientations_iPhone = "UIInterfaceOrientationPortrait UIInterfaceOrientationLandscapeLeft UIInterfaceOrientationLandscapeRight";
				LD_RUNPATH_SEARCH_PATHS = (
					"$(inherited)",
					"@executable_path/Frameworks",
				);
				MARKETING_VERSION = 1.0;
				PRODUCT_BUNDLE_IDENTIFIER = "mk.mealmate-ios";
				PRODUCT_NAME = "$(TARGET_NAME)";
				SWIFT_EMIT_LOC_STRINGS = YES;
				SWIFT_VERSION = 5.0;
				TARGETED_DEVICE_FAMILY = "1,2";
			};
			name = Debug;
		};
		A2EDE1C62A1FFD0B000AB182 /* Release */ = {
			isa = XCBuildConfiguration;
			buildSettings = {
				ASSETCATALOG_COMPILER_APPICON_NAME = AppIcon;
				ASSETCATALOG_COMPILER_GLOBAL_ACCENT_COLOR_NAME = AccentColor;
				CODE_SIGN_STYLE = Automatic;
				CURRENT_PROJECT_VERSION = 1;
				DEVELOPMENT_ASSET_PATHS = "\"mealmate-ios/Preview Content\"";
				ENABLE_PREVIEWS = YES;
				GENERATE_INFOPLIST_FILE = YES;
				INFOPLIST_KEY_UIApplicationSceneManifest_Generation = YES;
				INFOPLIST_KEY_UIApplicationSupportsIndirectInputEvents = YES;
				INFOPLIST_KEY_UILaunchScreen_Generation = YES;
				INFOPLIST_KEY_UISupportedInterfaceOrientations_iPad = "UIInterfaceOrientationPortrait UIInterfaceOrientationPortraitUpsideDown UIInterfaceOrientationLandscapeLeft UIInterfaceOrientationLandscapeRight";
				INFOPLIST_KEY_UISupportedInterfaceOrientations_iPhone = "UIInterfaceOrientationPortrait UIInterfaceOrientationLandscapeLeft UIInterfaceOrientationLandscapeRight";
				LD_RUNPATH_SEARCH_PATHS = (
					"$(inherited)",
					"@executable_path/Frameworks",
				);
				MARKETING_VERSION = 1.0;
				PRODUCT_BUNDLE_IDENTIFIER = "mk.mealmate-ios";
				PRODUCT_NAME = "$(TARGET_NAME)";
				SWIFT_EMIT_LOC_STRINGS = YES;
				SWIFT_VERSION = 5.0;
				TARGETED_DEVICE_FAMILY = "1,2";
			};
			name = Release;
		};
		A2EDE1C82A1FFD0B000AB182 /* Debug */ = {
			isa = XCBuildConfiguration;
			buildSettings = {
				ALWAYS_EMBED_SWIFT_STANDARD_LIBRARIES = YES;
				BUNDLE_LOADER = "$(TEST_HOST)";
				CODE_SIGN_STYLE = Automatic;
				CURRENT_PROJECT_VERSION = 1;
				GENERATE_INFOPLIST_FILE = YES;
				IPHONEOS_DEPLOYMENT_TARGET = 16.4;
				MARKETING_VERSION = 1.0;
				PRODUCT_BUNDLE_IDENTIFIER = "mk.mealmate-iosTests";
				PRODUCT_NAME = "$(TARGET_NAME)";
				SWIFT_EMIT_LOC_STRINGS = NO;
				SWIFT_VERSION = 5.0;
				TARGETED_DEVICE_FAMILY = "1,2";
				TEST_HOST = "$(BUILT_PRODUCTS_DIR)/mealmate-ios.app/$(BUNDLE_EXECUTABLE_FOLDER_PATH)/mealmate-ios";
			};
			name = Debug;
		};
		A2EDE1C92A1FFD0B000AB182 /* Release */ = {
			isa = XCBuildConfiguration;
			buildSettings = {
				ALWAYS_EMBED_SWIFT_STANDARD_LIBRARIES = YES;
				BUNDLE_LOADER = "$(TEST_HOST)";
				CODE_SIGN_STYLE = Automatic;
				CURRENT_PROJECT_VERSION = 1;
				GENERATE_INFOPLIST_FILE = YES;
				IPHONEOS_DEPLOYMENT_TARGET = 16.4;
				MARKETING_VERSION = 1.0;
				PRODUCT_BUNDLE_IDENTIFIER = "mk.mealmate-iosTests";
				PRODUCT_NAME = "$(TARGET_NAME)";
				SWIFT_EMIT_LOC_STRINGS = NO;
				SWIFT_VERSION = 5.0;
				TARGETED_DEVICE_FAMILY = "1,2";
				TEST_HOST = "$(BUILT_PRODUCTS_DIR)/mealmate-ios.app/$(BUNDLE_EXECUTABLE_FOLDER_PATH)/mealmate-ios";
			};
			name = Release;
		};
		A2EDE1CB2A1FFD0B000AB182 /* Debug */ = {
			isa = XCBuildConfiguration;
			buildSettings = {
				ALWAYS_EMBED_SWIFT_STANDARD_LIBRARIES = YES;
				CODE_SIGN_STYLE = Automatic;
				CURRENT_PROJECT_VERSION = 1;
				GENERATE_INFOPLIST_FILE = YES;
				MARKETING_VERSION = 1.0;
				PRODUCT_BUNDLE_IDENTIFIER = "mk.mealmate-iosUITests";
				PRODUCT_NAME = "$(TARGET_NAME)";
				SWIFT_EMIT_LOC_STRINGS = NO;
				SWIFT_VERSION = 5.0;
				TARGETED_DEVICE_FAMILY = "1,2";
				TEST_TARGET_NAME = "mealmate-ios";
			};
			name = Debug;
		};
		A2EDE1CC2A1FFD0B000AB182 /* Release */ = {
			isa = XCBuildConfiguration;
			buildSettings = {
				ALWAYS_EMBED_SWIFT_STANDARD_LIBRARIES = YES;
				CODE_SIGN_STYLE = Automatic;
				CURRENT_PROJECT_VERSION = 1;
				GENERATE_INFOPLIST_FILE = YES;
				MARKETING_VERSION = 1.0;
				PRODUCT_BUNDLE_IDENTIFIER = "mk.mealmate-iosUITests";
				PRODUCT_NAME = "$(TARGET_NAME)";
				SWIFT_EMIT_LOC_STRINGS = NO;
				SWIFT_VERSION = 5.0;
				TARGETED_DEVICE_FAMILY = "1,2";
				TEST_TARGET_NAME = "mealmate-ios";
			};
			name = Release;
		};
/* End XCBuildConfiguration section */

/* Begin XCConfigurationList section */
		A2EDE19B2A1FFD0B000AB182 /* Build configuration list for PBXProject "mealmate-ios" */ = {
			isa = XCConfigurationList;
			buildConfigurations = (
				A2EDE1C22A1FFD0B000AB182 /* Debug */,
				A2EDE1C32A1FFD0B000AB182 /* Release */,
			);
			defaultConfigurationIsVisible = 0;
			defaultConfigurationName = Release;
		};
		A2EDE1C42A1FFD0B000AB182 /* Build configuration list for PBXNativeTarget "mealmate-ios" */ = {
			isa = XCConfigurationList;
			buildConfigurations = (
				A2EDE1C52A1FFD0B000AB182 /* Debug */,
				A2EDE1C62A1FFD0B000AB182 /* Release */,
			);
			defaultConfigurationIsVisible = 0;
			defaultConfigurationName = Release;
		};
		A2EDE1C72A1FFD0B000AB182 /* Build configuration list for PBXNativeTarget "mealmate-iosTests" */ = {
			isa = XCConfigurationList;
			buildConfigurations = (
				A2EDE1C82A1FFD0B000AB182 /* Debug */,
				A2EDE1C92A1FFD0B000AB182 /* Release */,
			);
			defaultConfigurationIsVisible = 0;
			defaultConfigurationName = Release;
		};
		A2EDE1CA2A1FFD0B000AB182 /* Build configuration list for PBXNativeTarget "mealmate-iosUITests" */ = {
			isa = XCConfigurationList;
			buildConfigurations = (
				A2EDE1CB2A1FFD0B000AB182 /* Debug */,
				A2EDE1CC2A1FFD0B000AB182 /* Release */,
			);
			defaultConfigurationIsVisible = 0;
			defaultConfigurationName = Release;
		};
/* End XCConfigurationList section */

/* Begin XCRemoteSwiftPackageReference section */
		A2EDE1CD2A1FFE2E000AB182 /* XCRemoteSwiftPackageReference "Parse-Swift" */ = {
			isa = XCRemoteSwiftPackageReference;
			repositoryURL = "https://github.com/parse-community/Parse-Swift.git";
			requirement = {
				kind = upToNextMajorVersion;
				minimumVersion = 4.0.0;
			};
		};
/* End XCRemoteSwiftPackageReference section */

/* Begin XCSwiftPackageProductDependency section */
		A2EDE1CE2A1FFE2E000AB182 /* ParseSwift */ = {
			isa = XCSwiftPackageProductDependency;
			package = A2EDE1CD2A1FFE2E000AB182 /* XCRemoteSwiftPackageReference "Parse-Swift" */;
			productName = ParseSwift;
		};
/* End XCSwiftPackageProductDependency section */
	};
	rootObject = A2EDE1982A1FFD0B000AB182 /* Project object */;
}
